
Microsoft Visual Studio Solution File, Format Version 12.00
# Visual Studio 15
Project("{FAE04EC0-301F-11D3-BF4B-00C04F79EFBC}") = "Assembly-CSharp", "Assembly-CSharp.csproj", "{276B0451-D1B3-FA41-2B2F-48010919BDEE}"
EndProject
Global
	GlobalSection(SolutionConfigurationPlatforms) = preSolution
		Debug|Any CPU = Debug|Any CPU
		Release|Any CPU = Release|Any CPU
	EndGlobalSection
	GlobalSection(ProjectConfigurationPlatforms) = postSolution
		{276B0451-D1B3-FA41-2B2F-48010919BDEE}.Debug|Any CPU.ActiveCfg = Debug|Any CPU
		{276B0451-D1B3-FA41-2B2F-48010919BDEE}.Debug|Any CPU.Build.0 = Debug|Any CPU
		{276B0451-D1B3-FA41-2B2F-48010919BDEE}.Release|Any CPU.ActiveCfg = Release|Any CPU
		{276B0451-D1B3-FA41-2B2F-48010919BDEE}.Release|Any CPU.Build.0 = Release|Any CPU
	EndGlobalSection
	GlobalSection(SolutionProperties) = preSolution
		HideSolutionNode = FALSE
	EndGlobalSection
EndGlobal
